
Microsoft Visual Studio Solution File, Format Version 12.00
# Visual Studio 2013
VisualStudioVersion = 12.0.31101.0
MinimumVisualStudioVersion = 10.0.40219.1
Project("{FAE04EC0-301F-11D3-BF4B-00C04F79EFBC}") = "SupportLifecycle", "SupportLifecycle\SupportLifecycle\SupportLifecycle.csproj", "{E129BDBF-5AA1-4C92-83C1-856FC7F24015}"
EndProject
Project("{FAE04EC0-301F-11D3-BF4B-00C04F79EFBC}") = "SupportLifecycle.iOS", "SupportLifecycle\SupportLifecycle.iOS\SupportLifecycle.iOS.csproj", "{0A63356E-B4F1-42E8-8F9B-D798FC028EDE}"
EndProject
Project("{FAE04EC0-301F-11D3-BF4B-00C04F79EFBC}") = "SupportLifecycle.Droid", "SupportLifecycle\SupportLifecycle.Droid\SupportLifecycle.Droid.csproj", "{AB338407-BCEB-42F2-9B0F-19F5184B1810}"
EndProject
Project("{FAE04EC0-301F-11D3-BF4B-00C04F79EFBC}") = "SupportLifecycle.WinPhone", "SupportLifecycle\SupportLifecycle.WinPhone\SupportLifecycle.WinPhone.csproj", "{CC5759C6-716B-425F-9494-8E8E4343F580}"
EndProject
Global
	GlobalSection(SolutionConfigurationPlatforms) = preSolution
		Ad-Hoc|Any CPU = Ad-Hoc|Any CPU
		Ad-Hoc|ARM = Ad-Hoc|ARM
		Ad-Hoc|iPhone = Ad-Hoc|iPhone
		Ad-Hoc|iPhoneSimulator = Ad-Hoc|iPhoneSimulator
		Ad-Hoc|Mixed Platforms = Ad-Hoc|Mixed Platforms
		Ad-Hoc|x86 = Ad-Hoc|x86
		AppStore|Any CPU = AppStore|Any CPU
		AppStore|ARM = AppStore|ARM
		AppStore|iPhone = AppStore|iPhone
		AppStore|iPhoneSimulator = AppStore|iPhoneSimulator
		AppStore|Mixed Platforms = AppStore|Mixed Platforms
		AppStore|x86 = AppStore|x86
		Debug|Any CPU = Debug|Any CPU
		Debug|ARM = Debug|ARM
		Debug|iPhone = Debug|iPhone
		Debug|iPhoneSimulator = Debug|iPhoneSimulator
		Debug|Mixed Platforms = Debug|Mixed Platforms
		Debug|x86 = Debug|x86
		Release|Any CPU = Release|Any CPU
		Release|ARM = Release|ARM
		Release|iPhone = Release|iPhone
		Release|iPhoneSimulator = Release|iPhoneSimulator
		Release|Mixed Platforms = Release|Mixed Platforms
		Release|x86 = Release|x86
	EndGlobalSection
	GlobalSection(ProjectConfigurationPlatforms) = postSolution
		{E129BDBF-5AA1-4C92-83C1-856FC7F24015}.Ad-Hoc|Any CPU.ActiveCfg = Release|Any CPU
		{E129BDBF-5AA1-4C92-83C1-856FC7F24015}.Ad-Hoc|Any CPU.Build.0 = Release|Any CPU
		{E129BDBF-5AA1-4C92-83C1-856FC7F24015}.Ad-Hoc|ARM.ActiveCfg = Release|Any CPU
		{E129BDBF-5AA1-4C92-83C1-856FC7F24015}.Ad-Hoc|iPhone.ActiveCfg = Release|Any CPU
		{E129BDBF-5AA1-4C92-83C1-856FC7F24015}.Ad-Hoc|iPhoneSimulator.ActiveCfg = Release|Any CPU
		{E129BDBF-5AA1-4C92-83C1-856FC7F24015}.Ad-Hoc|Mixed Platforms.ActiveCfg = Release|Any CPU
		{E129BDBF-5AA1-4C92-83C1-856FC7F24015}.Ad-Hoc|Mixed Platforms.Build.0 = Release|Any CPU
		{E129BDBF-5AA1-4C92-83C1-856FC7F24015}.Ad-Hoc|x86.ActiveCfg = Release|Any CPU
		{E129BDBF-5AA1-4C92-83C1-856FC7F24015}.AppStore|Any CPU.ActiveCfg = Release|Any CPU
		{E129BDBF-5AA1-4C92-83C1-856FC7F24015}.AppStore|Any CPU.Build.0 = Release|Any CPU
		{E129BDBF-5AA1-4C92-83C1-856FC7F24015}.AppStore|ARM.ActiveCfg = Release|Any CPU
		{E129BDBF-5AA1-4C92-83C1-856FC7F24015}.AppStore|iPhone.ActiveCfg = Release|Any CPU
		{E129BDBF-5AA1-4C92-83C1-856FC7F24015}.AppStore|iPhoneSimulator.ActiveCfg = Release|Any CPU
		{E129BDBF-5AA1-4C92-83C1-856FC7F24015}.AppStore|Mixed Platforms.ActiveCfg = Release|Any CPU
		{E129BDBF-5AA1-4C92-83C1-856FC7F24015}.AppStore|Mixed Platforms.Build.0 = Release|Any CPU
		{E129BDBF-5AA1-4C92-83C1-856FC7F24015}.AppStore|x86.ActiveCfg = Release|Any CPU
		{E129BDBF-5AA1-4C92-83C1-856FC7F24015}.Debug|Any CPU.ActiveCfg = Debug|Any CPU
		{E129BDBF-5AA1-4C92-83C1-856FC7F24015}.Debug|Any CPU.Build.0 = Debug|Any CPU
		{E129BDBF-5AA1-4C92-83C1-856FC7F24015}.Debug|ARM.ActiveCfg = Debug|Any CPU
		{E129BDBF-5AA1-4C92-83C1-856FC7F24015}.Debug|iPhone.ActiveCfg = Debug|Any CPU
		{E129BDBF-5AA1-4C92-83C1-856FC7F24015}.Debug|iPhoneSimulator.ActiveCfg = Debug|Any CPU
		{E129BDBF-5AA1-4C92-83C1-856FC7F24015}.Debug|Mixed Platforms.ActiveCfg = Debug|Any CPU
		{E129BDBF-5AA1-4C92-83C1-856FC7F24015}.Debug|Mixed Platforms.Build.0 = Debug|Any CPU
		{E129BDBF-5AA1-4C92-83C1-856FC7F24015}.Debug|x86.ActiveCfg = Debug|Any CPU
		{E129BDBF-5AA1-4C92-83C1-856FC7F24015}.Release|Any CPU.ActiveCfg = Release|Any CPU
		{E129BDBF-5AA1-4C92-83C1-856FC7F24015}.Release|Any CPU.Build.0 = Release|Any CPU
		{E129BDBF-5AA1-4C92-83C1-856FC7F24015}.Release|ARM.ActiveCfg = Release|Any CPU
		{E129BDBF-5AA1-4C92-83C1-856FC7F24015}.Release|iPhone.ActiveCfg = Release|Any CPU
		{E129BDBF-5AA1-4C92-83C1-856FC7F24015}.Release|iPhoneSimulator.ActiveCfg = Release|Any CPU
		{E129BDBF-5AA1-4C92-83C1-856FC7F24015}.Release|Mixed Platforms.ActiveCfg = Release|Any CPU
		{E129BDBF-5AA1-4C92-83C1-856FC7F24015}.Release|Mixed Platforms.Build.0 = Release|Any CPU
		{E129BDBF-5AA1-4C92-83C1-856FC7F24015}.Release|x86.ActiveCfg = Release|Any CPU
		{0A63356E-B4F1-42E8-8F9B-D798FC028EDE}.Ad-Hoc|Any CPU.ActiveCfg = Ad-Hoc|iPhone
		{0A63356E-B4F1-42E8-8F9B-D798FC028EDE}.Ad-Hoc|ARM.ActiveCfg = Ad-Hoc|iPhone
		{0A63356E-B4F1-42E8-8F9B-D798FC028EDE}.Ad-Hoc|iPhone.ActiveCfg = Ad-Hoc|iPhone
		{0A63356E-B4F1-42E8-8F9B-D798FC028EDE}.Ad-Hoc|iPhone.Build.0 = Ad-Hoc|iPhone
		{0A63356E-B4F1-42E8-8F9B-D798FC028EDE}.Ad-Hoc|iPhoneSimulator.ActiveCfg = Ad-Hoc|iPhoneSimulator
		{0A63356E-B4F1-42E8-8F9B-D798FC028EDE}.Ad-Hoc|iPhoneSimulator.Build.0 = Ad-Hoc|iPhoneSimulator
		{0A63356E-B4F1-42E8-8F9B-D798FC028EDE}.Ad-Hoc|Mixed Platforms.ActiveCfg = Ad-Hoc|iPhone
		{0A63356E-B4F1-42E8-8F9B-D798FC028EDE}.Ad-Hoc|Mixed Platforms.Build.0 = Ad-Hoc|iPhone
		{0A63356E-B4F1-42E8-8F9B-D798FC028EDE}.Ad-Hoc|x86.ActiveCfg = Ad-Hoc|iPhone
		{0A63356E-B4F1-42E8-8F9B-D798FC028EDE}.AppStore|Any CPU.ActiveCfg = AppStore|iPhone
		{0A63356E-B4F1-42E8-8F9B-D798FC028EDE}.AppStore|ARM.ActiveCfg = AppStore|iPhone
		{0A63356E-B4F1-42E8-8F9B-D798FC028EDE}.AppStore|iPhone.ActiveCfg = AppStore|iPhone
		{0A63356E-B4F1-42E8-8F9B-D798FC028EDE}.AppStore|iPhone.Build.0 = AppStore|iPhone
		{0A63356E-B4F1-42E8-8F9B-D798FC028EDE}.AppStore|iPhoneSimulator.ActiveCfg = AppStore|iPhoneSimulator
		{0A63356E-B4F1-42E8-8F9B-D798FC028EDE}.AppStore|iPhoneSimulator.Build.0 = AppStore|iPhoneSimulator
		{0A63356E-B4F1-42E8-8F9B-D798FC028EDE}.AppStore|Mixed Platforms.ActiveCfg = AppStore|iPhone
		{0A63356E-B4F1-42E8-8F9B-D798FC028EDE}.AppStore|Mixed Platforms.Build.0 = AppStore|iPhone
		{0A63356E-B4F1-42E8-8F9B-D798FC028EDE}.AppStore|x86.ActiveCfg = AppStore|iPhone
		{0A63356E-B4F1-42E8-8F9B-D798FC028EDE}.Debug|Any CPU.ActiveCfg = Debug|iPhone
		{0A63356E-B4F1-42E8-8F9B-D798FC028EDE}.Debug|ARM.ActiveCfg = Debug|iPhone
		{0A63356E-B4F1-42E8-8F9B-D798FC028EDE}.Debug|iPhone.ActiveCfg = Debug|iPhone
		{0A63356E-B4F1-42E8-8F9B-D798FC028EDE}.Debug|iPhone.Build.0 = Debug|iPhone
		{0A63356E-B4F1-42E8-8F9B-D798FC028EDE}.Debug|iPhoneSimulator.ActiveCfg = Debug|iPhoneSimulator
		{0A63356E-B4F1-42E8-8F9B-D798FC028EDE}.Debug|iPhoneSimulator.Build.0 = Debug|iPhoneSimulator
		{0A63356E-B4F1-42E8-8F9B-D798FC028EDE}.Debug|Mixed Platforms.ActiveCfg = Debug|iPhone
		{0A63356E-B4F1-42E8-8F9B-D798FC028EDE}.Debug|Mixed Platforms.Build.0 = Debug|iPhone
		{0A63356E-B4F1-42E8-8F9B-D798FC028EDE}.Debug|x86.ActiveCfg = Debug|iPhone
		{0A63356E-B4F1-42E8-8F9B-D798FC028EDE}.Release|Any CPU.ActiveCfg = Release|iPhone
		{0A63356E-B4F1-42E8-8F9B-D798FC028EDE}.Release|ARM.ActiveCfg = Release|iPhone
		{0A63356E-B4F1-42E8-8F9B-D798FC028EDE}.Release|iPhone.ActiveCfg = Release|iPhone
		{0A63356E-B4F1-42E8-8F9B-D798FC028EDE}.Release|iPhone.Build.0 = Release|iPhone
		{0A63356E-B4F1-42E8-8F9B-D798FC028EDE}.Release|iPhoneSimulator.ActiveCfg = Release|iPhoneSimulator
		{0A63356E-B4F1-42E8-8F9B-D798FC028EDE}.Release|iPhoneSimulator.Build.0 = Release|iPhoneSimulator
		{0A63356E-B4F1-42E8-8F9B-D798FC028EDE}.Release|Mixed Platforms.ActiveCfg = Release|iPhone
		{0A63356E-B4F1-42E8-8F9B-D798FC028EDE}.Release|Mixed Platforms.Build.0 = Release|iPhone
		{0A63356E-B4F1-42E8-8F9B-D798FC028EDE}.Release|x86.ActiveCfg = Release|iPhone
		{AB338407-BCEB-42F2-9B0F-19F5184B1810}.Ad-Hoc|Any CPU.ActiveCfg = Release|Any CPU
		{AB338407-BCEB-42F2-9B0F-19F5184B1810}.Ad-Hoc|Any CPU.Build.0 = Release|Any CPU
		{AB338407-BCEB-42F2-9B0F-19F5184B1810}.Ad-Hoc|Any CPU.Deploy.0 = Release|Any CPU
		{AB338407-BCEB-42F2-9B0F-19F5184B1810}.Ad-Hoc|ARM.ActiveCfg = Release|Any CPU
		{AB338407-BCEB-42F2-9B0F-19F5184B1810}.Ad-Hoc|iPhone.ActiveCfg = Release|Any CPU
		{AB338407-BCEB-42F2-9B0F-19F5184B1810}.Ad-Hoc|iPhoneSimulator.ActiveCfg = Release|Any CPU
		{AB338407-BCEB-42F2-9B0F-19F5184B1810}.Ad-Hoc|Mixed Platforms.ActiveCfg = Release|Any CPU
		{AB338407-BCEB-42F2-9B0F-19F5184B1810}.Ad-Hoc|Mixed Platforms.Build.0 = Release|Any CPU
		{AB338407-BCEB-42F2-9B0F-19F5184B1810}.Ad-Hoc|Mixed Platforms.Deploy.0 = Release|Any CPU
		{AB338407-BCEB-42F2-9B0F-19F5184B1810}.Ad-Hoc|x86.ActiveCfg = Release|Any CPU
		{AB338407-BCEB-42F2-9B0F-19F5184B1810}.AppStore|Any CPU.ActiveCfg = Release|Any CPU
		{AB338407-BCEB-42F2-9B0F-19F5184B1810}.AppStore|Any CPU.Build.0 = Release|Any CPU
		{AB338407-BCEB-42F2-9B0F-19F5184B1810}.AppStore|Any CPU.Deploy.0 = Release|Any CPU
		{AB338407-BCEB-42F2-9B0F-19F5184B1810}.AppStore|ARM.ActiveCfg = Release|Any CPU
		{AB338407-BCEB-42F2-9B0F-19F5184B1810}.AppStore|iPhone.ActiveCfg = Release|Any CPU
		{AB338407-BCEB-42F2-9B0F-19F5184B1810}.AppStore|iPhoneSimulator.ActiveCfg = Release|Any CPU
		{AB338407-BCEB-42F2-9B0F-19F5184B1810}.AppStore|Mixed Platforms.ActiveCfg = Release|Any CPU
		{AB338407-BCEB-42F2-9B0F-19F5184B1810}.AppStore|Mixed Platforms.Build.0 = Release|Any CPU
		{AB338407-BCEB-42F2-9B0F-19F5184B1810}.AppStore|Mixed Platforms.Deploy.0 = Release|Any CPU
		{AB338407-BCEB-42F2-9B0F-19F5184B1810}.AppStore|x86.ActiveCfg = Release|Any CPU
		{AB338407-BCEB-42F2-9B0F-19F5184B1810}.Debug|Any CPU.ActiveCfg = Debug|Any CPU
		{AB338407-BCEB-42F2-9B0F-19F5184B1810}.Debug|Any CPU.Build.0 = Debug|Any CPU
		{AB338407-BCEB-42F2-9B0F-19F5184B1810}.Debug|Any CPU.Deploy.0 = Debug|Any CPU
		{AB338407-BCEB-42F2-9B0F-19F5184B1810}.Debug|ARM.ActiveCfg = Debug|Any CPU
		{AB338407-BCEB-42F2-9B0F-19F5184B1810}.Debug|iPhone.ActiveCfg = Debug|Any CPU
		{AB338407-BCEB-42F2-9B0F-19F5184B1810}.Debug|iPhoneSimulator.ActiveCfg = Debug|Any CPU
		{AB338407-BCEB-42F2-9B0F-19F5184B1810}.Debug|Mixed Platforms.ActiveCfg = Debug|Any CPU
		{AB338407-BCEB-42F2-9B0F-19F5184B1810}.Debug|Mixed Platforms.Build.0 = Debug|Any CPU
		{AB338407-BCEB-42F2-9B0F-19F5184B1810}.Debug|Mixed Platforms.Deploy.0 = Debug|Any CPU
		{AB338407-BCEB-42F2-9B0F-19F5184B1810}.Debug|x86.ActiveCfg = Debug|Any CPU
		{AB338407-BCEB-42F2-9B0F-19F5184B1810}.Release|Any CPU.ActiveCfg = Release|Any CPU
		{AB338407-BCEB-42F2-9B0F-19F5184B1810}.Release|Any CPU.Build.0 = Release|Any CPU
		{AB338407-BCEB-42F2-9B0F-19F5184B1810}.Release|Any CPU.Deploy.0 = Release|Any CPU
		{AB338407-BCEB-42F2-9B0F-19F5184B1810}.Release|ARM.ActiveCfg = Release|Any CPU
		{AB338407-BCEB-42F2-9B0F-19F5184B1810}.Release|iPhone.ActiveCfg = Release|Any CPU
		{AB338407-BCEB-42F2-9B0F-19F5184B1810}.Release|iPhoneSimulator.ActiveCfg = Release|Any CPU
		{AB338407-BCEB-42F2-9B0F-19F5184B1810}.Release|Mixed Platforms.ActiveCfg = Release|Any CPU
		{AB338407-BCEB-42F2-9B0F-19F5184B1810}.Release|Mixed Platforms.Build.0 = Release|Any CPU
		{AB338407-BCEB-42F2-9B0F-19F5184B1810}.Release|Mixed Platforms.Deploy.0 = Release|Any CPU
		{AB338407-BCEB-42F2-9B0F-19F5184B1810}.Release|x86.ActiveCfg = Release|Any CPU
		{CC5759C6-716B-425F-9494-8E8E4343F580}.Ad-Hoc|Any CPU.ActiveCfg = Release|Any CPU
		{CC5759C6-716B-425F-9494-8E8E4343F580}.Ad-Hoc|Any CPU.Build.0 = Release|Any CPU
		{CC5759C6-716B-425F-9494-8E8E4343F580}.Ad-Hoc|Any CPU.Deploy.0 = Release|Any CPU
		{CC5759C6-716B-425F-9494-8E8E4343F580}.Ad-Hoc|ARM.ActiveCfg = Release|ARM
		{CC5759C6-716B-425F-9494-8E8E4343F580}.Ad-Hoc|ARM.Build.0 = Release|ARM
		{CC5759C6-716B-425F-9494-8E8E4343F580}.Ad-Hoc|ARM.Deploy.0 = Release|ARM
		{CC5759C6-716B-425F-9494-8E8E4343F580}.Ad-Hoc|iPhone.ActiveCfg = Release|Any CPU
		{CC5759C6-716B-425F-9494-8E8E4343F580}.Ad-Hoc|iPhoneSimulator.ActiveCfg = Release|Any CPU
		{CC5759C6-716B-425F-9494-8E8E4343F580}.Ad-Hoc|Mixed Platforms.ActiveCfg = Release|x86
		{CC5759C6-716B-425F-9494-8E8E4343F580}.Ad-Hoc|Mixed Platforms.Build.0 = Release|x86
		{CC5759C6-716B-425F-9494-8E8E4343F580}.Ad-Hoc|Mixed Platforms.Deploy.0 = Release|x86
		{CC5759C6-716B-425F-9494-8E8E4343F580}.Ad-Hoc|x86.ActiveCfg = Release|x86
		{CC5759C6-716B-425F-9494-8E8E4343F580}.Ad-Hoc|x86.Build.0 = Release|x86
		{CC5759C6-716B-425F-9494-8E8E4343F580}.Ad-Hoc|x86.Deploy.0 = Release|x86
		{CC5759C6-716B-425F-9494-8E8E4343F580}.AppStore|Any CPU.ActiveCfg = Release|Any CPU
		{CC5759C6-716B-425F-9494-8E8E4343F580}.AppStore|Any CPU.Build.0 = Release|Any CPU
		{CC5759C6-716B-425F-9494-8E8E4343F580}.AppStore|Any CPU.Deploy.0 = Release|Any CPU
		{CC5759C6-716B-425F-9494-8E8E4343F580}.AppStore|ARM.ActiveCfg = Release|ARM
		{CC5759C6-716B-425F-9494-8E8E4343F580}.AppStore|ARM.Build.0 = Release|ARM
		{CC5759C6-716B-425F-9494-8E8E4343F580}.AppStore|ARM.Deploy.0 = Release|ARM
		{CC5759C6-716B-425F-9494-8E8E4343F580}.AppStore|iPhone.ActiveCfg = Release|Any CPU
		{CC5759C6-716B-425F-9494-8E8E4343F580}.AppStore|iPhoneSimulator.ActiveCfg = Release|Any CPU
		{CC5759C6-716B-425F-9494-8E8E4343F580}.AppStore|Mixed Platforms.ActiveCfg = Release|x86
		{CC5759C6-716B-425F-9494-8E8E4343F580}.AppStore|Mixed Platforms.Build.0 = Release|x86
		{CC5759C6-716B-425F-9494-8E8E4343F580}.AppStore|Mixed Platforms.Deploy.0 = Release|x86
		{CC5759C6-716B-425F-9494-8E8E4343F580}.AppStore|x86.ActiveCfg = Release|x86
		{CC5759C6-716B-425F-9494-8E8E4343F580}.AppStore|x86.Build.0 = Release|x86
		{CC5759C6-716B-425F-9494-8E8E4343F580}.AppStore|x86.Deploy.0 = Release|x86
		{CC5759C6-716B-425F-9494-8E8E4343F580}.Debug|Any CPU.ActiveCfg = Debug|Any CPU
		{CC5759C6-716B-425F-9494-8E8E4343F580}.Debug|Any CPU.Build.0 = Debug|Any CPU
		{CC5759C6-716B-425F-9494-8E8E4343F580}.Debug|Any CPU.Deploy.0 = Debug|Any CPU
		{CC5759C6-716B-425F-9494-8E8E4343F580}.Debug|ARM.ActiveCfg = Debug|ARM
		{CC5759C6-716B-425F-9494-8E8E4343F580}.Debug|ARM.Build.0 = Debug|ARM
		{CC5759C6-716B-425F-9494-8E8E4343F580}.Debug|ARM.Deploy.0 = Debug|ARM
		{CC5759C6-716B-425F-9494-8E8E4343F580}.Debug|iPhone.ActiveCfg = Debug|Any CPU
		{CC5759C6-716B-425F-9494-8E8E4343F580}.Debug|iPhoneSimulator.ActiveCfg = Debug|Any CPU
		{CC5759C6-716B-425F-9494-8E8E4343F580}.Debug|Mixed Platforms.ActiveCfg = Debug|x86
		{CC5759C6-716B-425F-9494-8E8E4343F580}.Debug|Mixed Platforms.Build.0 = Debug|x86
		{CC5759C6-716B-425F-9494-8E8E4343F580}.Debug|Mixed Platforms.Deploy.0 = Debug|x86
		{CC5759C6-716B-425F-9494-8E8E4343F580}.Debug|x86.ActiveCfg = Debug|x86
		{CC5759C6-716B-425F-9494-8E8E4343F580}.Debug|x86.Build.0 = Debug|x86
		{CC5759C6-716B-425F-9494-8E8E4343F580}.Debug|x86.Deploy.0 = Debug|x86
		{CC5759C6-716B-425F-9494-8E8E4343F580}.Release|Any CPU.ActiveCfg = Release|Any CPU
		{CC5759C6-716B-425F-9494-8E8E4343F580}.Release|Any CPU.Build.0 = Release|Any CPU
		{CC5759C6-716B-425F-9494-8E8E4343F580}.Release|Any CPU.Deploy.0 = Release|Any CPU
		{CC5759C6-716B-425F-9494-8E8E4343F580}.Release|ARM.ActiveCfg = Release|ARM
		{CC5759C6-716B-425F-9494-8E8E4343F580}.Release|ARM.Build.0 = Release|ARM
		{CC5759C6-716B-425F-9494-8E8E4343F580}.Release|ARM.Deploy.0 = Release|ARM
		{CC5759C6-716B-425F-9494-8E8E4343F580}.Release|iPhone.ActiveCfg = Release|Any CPU
		{CC5759C6-716B-425F-9494-8E8E4343F580}.Release|iPhoneSimulator.ActiveCfg = Release|Any CPU
		{CC5759C6-716B-425F-9494-8E8E4343F580}.Release|Mixed Platforms.ActiveCfg = Release|x86
		{CC5759C6-716B-425F-9494-8E8E4343F580}.Release|Mixed Platforms.Build.0 = Release|x86
		{CC5759C6-716B-425F-9494-8E8E4343F580}.Release|Mixed Platforms.Deploy.0 = Release|x86
		{CC5759C6-716B-425F-9494-8E8E4343F580}.Release|x86.ActiveCfg = Release|x86
		{CC5759C6-716B-425F-9494-8E8E4343F580}.Release|x86.Build.0 = Release|x86
		{CC5759C6-716B-425F-9494-8E8E4343F580}.Release|x86.Deploy.0 = Release|x86
	EndGlobalSection
	GlobalSection(SolutionProperties) = preSolution
		HideSolutionNode = FALSE
	EndGlobalSection
EndGlobal
